
Microsoft Visual Studio Solution File, Format Version 12.00
# Visual Studio Version 17
VisualStudioVersion = 17.11.35219.272
MinimumVisualStudioVersion = 10.0.40219.1
Project("{9A19103F-16F7-4668-BE54-9A1E7A4F7556}") = "SigmaTestApp1", "SigmaTestApp1\SigmaTestApp1.csproj", "{C107501E-D8A9-4057-8019-B386FE7912A6}"
EndProject
Project("{9A19103F-16F7-4668-BE54-9A1E7A4F7556}") = "MyArrayListTests", "MyArraiListTests\MyArrayListTests.csproj", "{0F558FC1-E163-4061-9A03-1843073B40C4}"
EndProject
Global
	GlobalSection(SolutionConfigurationPlatforms) = preSolution
		Debug|Any CPU = Debug|Any CPU
		Release|Any CPU = Release|Any CPU
	EndGlobalSection
	GlobalSection(ProjectConfigurationPlatforms) = postSolution
		{C107501E-D8A9-4057-8019-B386FE7912A6}.Debug|Any CPU.ActiveCfg = Debug|Any CPU
		{C107501E-D8A9-4057-8019-B386FE7912A6}.Debug|Any CPU.Build.0 = Debug|Any CPU
		{C107501E-D8A9-4057-8019-B386FE7912A6}.Release|Any CPU.ActiveCfg = Release|Any CPU
		{C107501E-D8A9-4057-8019-B386FE7912A6}.Release|Any CPU.Build.0 = Release|Any CPU
		{0F558FC1-E163-4061-9A03-1843073B40C4}.Debug|Any CPU.ActiveCfg = Debug|Any CPU
		{0F558FC1-E163-4061-9A03-1843073B40C4}.Debug|Any CPU.Build.0 = Debug|Any CPU
		{0F558FC1-E163-4061-9A03-1843073B40C4}.Release|Any CPU.ActiveCfg = Release|Any CPU
		{0F558FC1-E163-4061-9A03-1843073B40C4}.Release|Any CPU.Build.0 = Release|Any CPU
	EndGlobalSection
	GlobalSection(SolutionProperties) = preSolution
		HideSolutionNode = FALSE
	EndGlobalSection
	GlobalSection(ExtensibilityGlobals) = postSolution
		SolutionGuid = {7EAEC223-F7AF-46F7-A982-F6E1CA416937}
	EndGlobalSection
EndGlobal
